
Microsoft Visual Studio Solution File, Format Version 12.00
# Visual Studio Version 16
VisualStudioVersion = 16.0.31624.102
MinimumVisualStudioVersion = 10.0.40219.1
Project("{FAE04EC0-301F-11D3-BF4B-00C04F79EFBC}") = "zed", "zed.csproj", "{3EF8BCCC-378F-4733-B985-8B0892AD7ADA}"
EndProject
Global
	GlobalSection(SolutionConfigurationPlatforms) = preSolution
		Debug|Any CPU = Debug|Any CPU
		Release|Any CPU = Release|Any CPU
	EndGlobalSection
	GlobalSection(ProjectConfigurationPlatforms) = postSolution
		{3EF8BCCC-378F-4733-B985-8B0892AD7ADA}.Debug|Any CPU.ActiveCfg = Debug|Any CPU
		{3EF8BCCC-378F-4733-B985-8B0892AD7ADA}.Debug|Any CPU.Build.0 = Debug|Any CPU
		{3EF8BCCC-378F-4733-B985-8B0892AD7ADA}.Release|Any CPU.ActiveCfg = Release|Any CPU
		{3EF8BCCC-378F-4733-B985-8B0892AD7ADA}.Release|Any CPU.Build.0 = Release|Any CPU
	EndGlobalSection
	GlobalSection(SolutionProperties) = preSolution
		HideSolutionNode = FALSE
	EndGlobalSection
	GlobalSection(ExtensibilityGlobals) = postSolution
		SolutionGuid = {A3B7F0B9-35E5-4A79-AA86-6848AC5BA78B}
	EndGlobalSection
EndGlobal
